// !$*UTF8*$!
{
	archiveVersion = 1;
	classes = {
	};
	objectVersion = 50;
	objects = {

/* Begin PBXBuildFile section */
		F61F52D522CA9C10001DF00F /* AppDelegate.m in Sources */ = {isa = PBXBuildFile; fileRef = F61F52D422CA9C10001DF00F /* AppDelegate.m */; };
		F61F52DB22CA9C10001DF00F /* Main.storyboard in Resources */ = {isa = PBXBuildFile; fileRef = F61F52D922CA9C10001DF00F /* Main.storyboard */; };
		F61F52DD22CA9C11001DF00F /* Assets.xcassets in Resources */ = {isa = PBXBuildFile; fileRef = F61F52DC22CA9C11001DF00F /* Assets.xcassets */; };
		F61F52E022CA9C11001DF00F /* LaunchScreen.storyboard in Resources */ = {isa = PBXBuildFile; fileRef = F61F52DE22CA9C11001DF00F /* LaunchScreen.storyboard */; };
		F61F52E322CA9C11001DF00F /* main.m in Sources */ = {isa = PBXBuildFile; fileRef = F61F52E222CA9C11001DF00F /* main.m */; };
		F61F52EB22CA9C5F001DF00F /* Entry.m in Sources */ = {isa = PBXBuildFile; fileRef = F61F52EA22CA9C5F001DF00F /* Entry.m */; };
		F61F52EE22CA9F9B001DF00F /* EntryController.m in Sources */ = {isa = PBXBuildFile; fileRef = F61F52ED22CA9F9B001DF00F /* EntryController.m */; };
		F61F52F522CAC8F9001DF00F /* EntryTableViewController.m in Sources */ = {isa = PBXBuildFile; fileRef = F61F52F422CAC8F9001DF00F /* EntryTableViewController.m */; };
		F61F52F822CAC910001DF00F /* EntryDetailViewController.m in Sources */ = {isa = PBXBuildFile; fileRef = F61F52F722CAC910001DF00F /* EntryDetailViewController.m */; };
/* End PBXBuildFile section */

/* Begin PBXFileReference section */
		F61F52D022CA9C10001DF00F /* JournalObjectiveC.app */ = {isa = PBXFileReference; explicitFileType = wrapper.application; includeInIndex = 0; path = JournalObjectiveC.app; sourceTree = BUILT_PRODUCTS_DIR; };
		F61F52D322CA9C10001DF00F /* AppDelegate.h */ = {isa = PBXFileReference; lastKnownFileType = sourcecode.c.h; path = AppDelegate.h; sourceTree = "<group>"; };
		F61F52D422CA9C10001DF00F /* AppDelegate.m */ = {isa = PBXFileReference; lastKnownFileType = sourcecode.c.objc; path = AppDelegate.m; sourceTree = "<group>"; };
		F61F52DA22CA9C10001DF00F /* Base */ = {isa = PBXFileReference; lastKnownFileType = file.storyboard; name = Base; path = Base.lproj/Main.storyboard; sourceTree = "<group>"; };
		F61F52DC22CA9C11001DF00F /* Assets.xcassets */ = {isa = PBXFileReference; lastKnownFileType = folder.assetcatalog; path = Assets.xcassets; sourceTree = "<group>"; };
		F61F52DF22CA9C11001DF00F /* Base */ = {isa = PBXFileReference; lastKnownFileType = file.storyboard; name = Base; path = Base.lproj/LaunchScreen.storyboard; sourceTree = "<group>"; };
		F61F52E122CA9C11001DF00F /* Info.plist */ = {isa = PBXFileReference; lastKnownFileType = text.plist.xml; path = Info.plist; sourceTree = "<group>"; };
		F61F52E222CA9C11001DF00F /* main.m */ = {isa = PBXFileReference; lastKnownFileType = sourcecode.c.objc; path = main.m; sourceTree = "<group>"; };
		F61F52E922CA9C5F001DF00F /* Entry.h */ = {isa = PBXFileReference; lastKnownFileType = sourcecode.c.h; path = Entry.h; sourceTree = "<group>"; };
		F61F52EA22CA9C5F001DF00F /* Entry.m */ = {isa = PBXFileReference; lastKnownFileType = sourcecode.c.objc; path = Entry.m; sourceTree = "<group>"; };
		F61F52EC22CA9F9B001DF00F /* EntryController.h */ = {isa = PBXFileReference; lastKnownFileType = sourcecode.c.h; path = EntryController.h; sourceTree = "<group>"; };
		F61F52ED22CA9F9B001DF00F /* EntryController.m */ = {isa = PBXFileReference; lastKnownFileType = sourcecode.c.objc; path = EntryController.m; sourceTree = "<group>"; };
		F61F52F322CAC8F9001DF00F /* EntryTableViewController.h */ = {isa = PBXFileReference; lastKnownFileType = sourcecode.c.h; path = EntryTableViewController.h; sourceTree = "<group>"; };
		F61F52F422CAC8F9001DF00F /* EntryTableViewController.m */ = {isa = PBXFileReference; lastKnownFileType = sourcecode.c.objc; path = EntryTableViewController.m; sourceTree = "<group>"; };
		F61F52F622CAC910001DF00F /* EntryDetailViewController.h */ = {isa = PBXFileReference; lastKnownFileType = sourcecode.c.h; path = EntryDetailViewController.h; sourceTree = "<group>"; };
		F61F52F722CAC910001DF00F /* EntryDetailViewController.m */ = {isa = PBXFileReference; lastKnownFileType = sourcecode.c.objc; path = EntryDetailViewController.m; sourceTree = "<group>"; };
/* End PBXFileReference section */

/* Begin PBXFrameworksBuildPhase section */
		F61F52CD22CA9C10001DF00F /* Frameworks */ = {
			isa = PBXFrameworksBuildPhase;
			buildActionMask = 2147483647;
			files = (
			);
			runOnlyForDeploymentPostprocessing = 0;
		};
/* End PBXFrameworksBuildPhase section */

/* Begin PBXGroup section */
		F61F52C722CA9C10001DF00F = {
			isa = PBXGroup;
			children = (
				F61F52D222CA9C10001DF00F /* JournalObjectiveC */,
				F61F52D122CA9C10001DF00F /* Products */,
			);
			sourceTree = "<group>";
		};
		F61F52D122CA9C10001DF00F /* Products */ = {
			isa = PBXGroup;
			children = (
				F61F52D022CA9C10001DF00F /* JournalObjectiveC.app */,
			);
			name = Products;
			sourceTree = "<group>";
		};
		F61F52D222CA9C10001DF00F /* JournalObjectiveC */ = {
			isa = PBXGroup;
			children = (
				F61F52D322CA9C10001DF00F /* AppDelegate.h */,
				F61F52D422CA9C10001DF00F /* AppDelegate.m */,
				F61F52F922CAC931001DF00F /* View Controllers */,
				F61F52F022CAC7FB001DF00F /* Models */,
				F61F52EF22CAC7EE001DF00F /* Model Controllers */,
				F61F52F122CAC82B001DF00F /* View */,
				F61F52F222CAC883001DF00F /* Resouces */,
			);
			path = JournalObjectiveC;
			sourceTree = "<group>";
		};
		F61F52EF22CAC7EE001DF00F /* Model Controllers */ = {
			isa = PBXGroup;
			children = (
				F61F52EC22CA9F9B001DF00F /* EntryController.h */,
				F61F52ED22CA9F9B001DF00F /* EntryController.m */,
			);
			path = "Model Controllers";
			sourceTree = "<group>";
		};
		F61F52F022CAC7FB001DF00F /* Models */ = {
			isa = PBXGroup;
			children = (
				F61F52E922CA9C5F001DF00F /* Entry.h */,
				F61F52EA22CA9C5F001DF00F /* Entry.m */,
			);
			path = Models;
			sourceTree = "<group>";
		};
		F61F52F122CAC82B001DF00F /* View */ = {
			isa = PBXGroup;
			children = (
				F61F52D922CA9C10001DF00F /* Main.storyboard */,
			);
			path = View;
			sourceTree = "<group>";
		};
		F61F52F222CAC883001DF00F /* Resouces */ = {
			isa = PBXGroup;
			children = (
				F61F52DC22CA9C11001DF00F /* Assets.xcassets */,
				F61F52DE22CA9C11001DF00F /* LaunchScreen.storyboard */,
				F61F52E122CA9C11001DF00F /* Info.plist */,
				F61F52E222CA9C11001DF00F /* main.m */,
			);
			path = Resouces;
			sourceTree = "<group>";
		};
		F61F52F922CAC931001DF00F /* View Controllers */ = {
			isa = PBXGroup;
			children = (
				F61F52F322CAC8F9001DF00F /* EntryTableViewController.h */,
				F61F52F422CAC8F9001DF00F /* EntryTableViewController.m */,
				F61F52F622CAC910001DF00F /* EntryDetailViewController.h */,
				F61F52F722CAC910001DF00F /* EntryDetailViewController.m */,
			);
			path = "View Controllers";
			sourceTree = "<group>";
		};
/* End PBXGroup section */

/* Begin PBXNativeTarget section */
		F61F52CF22CA9C10001DF00F /* JournalObjectiveC */ = {
			isa = PBXNativeTarget;
			buildConfigurationList = F61F52E622CA9C11001DF00F /* Build configuration list for PBXNativeTarget "JournalObjectiveC" */;
			buildPhases = (
				F61F52CC22CA9C10001DF00F /* Sources */,
				F61F52CD22CA9C10001DF00F /* Frameworks */,
				F61F52CE22CA9C10001DF00F /* Resources */,
			);
			buildRules = (
			);
			dependencies = (
			);
			name = JournalObjectiveC;
			productName = JournalObjectiveC;
			productReference = F61F52D022CA9C10001DF00F /* JournalObjectiveC.app */;
			productType = "com.apple.product-type.application";
		};
/* End PBXNativeTarget section */

/* Begin PBXProject section */
		F61F52C822CA9C10001DF00F /* Project object */ = {
			isa = PBXProject;
			attributes = {
				LastUpgradeCheck = 1020;
				ORGANIZATIONNAME = AlbertLLC;
				TargetAttributes = {
					F61F52CF22CA9C10001DF00F = {
						CreatedOnToolsVersion = 10.2;
					};
				};
			};
			buildConfigurationList = F61F52CB22CA9C10001DF00F /* Build configuration list for PBXProject "JournalObjectiveC" */;
			compatibilityVersion = "Xcode 9.3";
			developmentRegion = en;
			hasScannedForEncodings = 0;
			knownRegions = (
				en,
				Base,
			);
			mainGroup = F61F52C722CA9C10001DF00F;
			productRefGroup = F61F52D122CA9C10001DF00F /* Products */;
			projectDirPath = "";
			projectRoot = "";
			targets = (
				F61F52CF22CA9C10001DF00F /* JournalObjectiveC */,
			);
		};
/* End PBXProject section */

/* Begin PBXResourcesBuildPhase section */
		F61F52CE22CA9C10001DF00F /* Resources */ = {
			isa = PBXResourcesBuildPhase;
			buildActionMask = 2147483647;
			files = (
				F61F52E022CA9C11001DF00F /* LaunchScreen.storyboard in Resources */,
				F61F52DD22CA9C11001DF00F /* Assets.xcassets in Resources */,
				F61F52DB22CA9C10001DF00F /* Main.storyboard in Resources */,
			);
			runOnlyForDeploymentPostprocessing = 0;
		};
/* End PBXResourcesBuildPhase section */

/* Begin PBXSourcesBuildPhase section */
		F61F52CC22CA9C10001DF00F /* Sources */ = {
			isa = PBXSourcesBuildPhase;
			buildActionMask = 2147483647;
			files = (
				F61F52F822CAC910001DF00F /* EntryDetailViewController.m in Sources */,
				F61F52EE22CA9F9B001DF00F /* EntryController.m in Sources */,
				F61F52EB22CA9C5F001DF00F /* Entry.m in Sources */,
				F61F52E322CA9C11001DF00F /* main.m in Sources */,
				F61F52F522CAC8F9001DF00F /* EntryTableViewController.m in Sources */,
				F61F52D522CA9C10001DF00F /* AppDelegate.m in Sources */,
			);
			runOnlyForDeploymentPostprocessing = 0;
		};
/* End PBXSourcesBuildPhase section */

/* Begin PBXVariantGroup section */
		F61F52D922CA9C10001DF00F /* Main.storyboard */ = {
			isa = PBXVariantGroup;
			children = (
				F61F52DA22CA9C10001DF00F /* Base */,
			);
			name = Main.storyboard;
			sourceTree = "<group>";
		};
		F61F52DE22CA9C11001DF00F /* LaunchScreen.storyboard */ = {
			isa = PBXVariantGroup;
			children = (
				F61F52DF22CA9C11001DF00F /* Base */,
			);
			name = LaunchScreen.storyboard;
			sourceTree = "<group>";
		};
/* End PBXVariantGroup section */

/* Begin XCBuildConfiguration section */
		F61F52E422CA9C11001DF00F /* Debug */ = {
			isa = XCBuildConfiguration;
			buildSettings = {
				ALWAYS_SEARCH_USER_PATHS = NO;
				CLANG_ANALYZER_NONNULL = YES;
				CLANG_ANALYZER_NUMBER_OBJECT_CONVERSION = YES_AGGRESSIVE;
				CLANG_CXX_LANGUAGE_STANDARD = "gnu++14";
				CLANG_CXX_LIBRARY = "libc++";
				CLANG_ENABLE_MODULES = YES;
				CLANG_ENABLE_OBJC_ARC = YES;
				CLANG_ENABLE_OBJC_WEAK = YES;
				CLANG_WARN_BLOCK_CAPTURE_AUTORELEASING = YES;
				CLANG_WARN_BOOL_CONVERSION = YES;
				CLANG_WARN_COMMA = YES;
				CLANG_WARN_CONSTANT_CONVERSION = YES;
				CLANG_WARN_DEPRECATED_OBJC_IMPLEMENTATIONS = YES;
				CLANG_WARN_DIRECT_OBJC_ISA_USAGE = YES_ERROR;
				CLANG_WARN_DOCUMENTATION_COMMENTS = YES;
				CLANG_WARN_EMPTY_BODY = YES;
				CLANG_WARN_ENUM_CONVERSION = YES;
				CLANG_WARN_INFINITE_RECURSION = YES;
				CLANG_WARN_INT_CONVERSION = YES;
				CLANG_WARN_NON_LITERAL_NULL_CONVERSION = YES;
				CLANG_WARN_OBJC_IMPLICIT_RETAIN_SELF = YES;
				CLANG_WARN_OBJC_LITERAL_CONVERSION = YES;
				CLANG_WARN_OBJC_ROOT_CLASS = YES_ERROR;
				CLANG_WARN_RANGE_LOOP_ANALYSIS = YES;
				CLANG_WARN_STRICT_PROTOTYPES = YES;
				CLANG_WARN_SUSPICIOUS_MOVE = YES;
				CLANG_WARN_UNGUARDED_AVAILABILITY = YES_AGGRESSIVE;
				CLANG_WARN_UNREACHABLE_CODE = YES;
				CLANG_WARN__DUPLICATE_METHOD_MATCH = YES;
				CODE_SIGN_IDENTITY = "iPhone Developer";
				COPY_PHASE_STRIP = NO;
				DEBUG_INFORMATION_FORMAT = dwarf;
				ENABLE_STRICT_OBJC_MSGSEND = YES;
				ENABLE_TESTABILITY = YES;
				GCC_C_LANGUAGE_STANDARD = gnu11;
				GCC_DYNAMIC_NO_PIC = NO;
				GCC_NO_COMMON_BLOCKS = YES;
				GCC_OPTIMIZATION_LEVEL = 0;
				GCC_PREPROCESSOR_DEFINITIONS = (
					"DEBUG=1",
					"$(inherited)",
				);
				GCC_WARN_64_TO_32_BIT_CONVERSION = YES;
				GCC_WARN_ABOUT_RETURN_TYPE = YES_ERROR;
				GCC_WARN_UNDECLARED_SELECTOR = YES;
				GCC_WARN_UNINITIALIZED_AUTOS = YES_AGGRESSIVE;
				GCC_WARN_UNUSED_FUNCTION = YES;
				GCC_WARN_UNUSED_VARIABLE = YES;
				IPHONEOS_DEPLOYMENT_TARGET = 12.2;
				MTL_ENABLE_DEBUG_INFO = INCLUDE_SOURCE;
				MTL_FAST_MATH = YES;
				ONLY_ACTIVE_ARCH = YES;
				SDKROOT = iphoneos;
			};
			name = Debug;
		};
		F61F52E522CA9C11001DF00F /* Release */ = {
			isa = XCBuildConfiguration;
			buildSettings = {
				ALWAYS_SEARCH_USER_PATHS = NO;
				CLANG_ANALYZER_NONNULL = YES;
				CLANG_ANALYZER_NUMBER_OBJECT_CONVERSION = YES_AGGRESSIVE;
				CLANG_CXX_LANGUAGE_STANDARD = "gnu++14";
				CLANG_CXX_LIBRARY = "libc++";
				CLANG_ENABLE_MODULES = YES;
				CLANG_ENABLE_OBJC_ARC = YES;
				CLANG_ENABLE_OBJC_WEAK = YES;
				CLANG_WARN_BLOCK_CAPTURE_AUTORELEASING = YES;
				CLANG_WARN_BOOL_CONVERSION = YES;
				CLANG_WARN_COMMA = YES;
				CLANG_WARN_CONSTANT_CONVERSION = YES;
				CLANG_WARN_DEPRECATED_OBJC_IMPLEMENTATIONS = YES;
				CLANG_WARN_DIRECT_OBJC_ISA_USAGE = YES_ERROR;
				CLANG_WARN_DOCUMENTATION_COMMENTS = YES;
				CLANG_WARN_EMPTY_BODY = YES;
				CLANG_WARN_ENUM_CONVERSION = YES;
				CLANG_WARN_INFINITE_RECURSION = YES;
				CLANG_WARN_INT_CONVERSION = YES;
				CLANG_WARN_NON_LITERAL_NULL_CONVERSION = YES;
				CLANG_WARN_OBJC_IMPLICIT_RETAIN_SELF = YES;
				CLANG_WARN_OBJC_LITERAL_CONVERSION = YES;
				CLANG_WARN_OBJC_ROOT_CLASS = YES_ERROR;
				CLANG_WARN_RANGE_LOOP_ANALYSIS = YES;
				CLANG_WARN_STRICT_PROTOTYPES = YES;
				CLANG_WARN_SUSPICIOUS_MOVE = YES;
				CLANG_WARN_UNGUARDED_AVAILABILITY = YES_AGGRESSIVE;
				CLANG_WARN_UNREACHABLE_CODE = YES;
				CLANG_WARN__DUPLICATE_METHOD_MATCH = YES;
				CODE_SIGN_IDENTITY = "iPhone Developer";
				COPY_PHASE_STRIP = NO;
				DEBUG_INFORMATION_FORMAT = "dwarf-with-dsym";
				ENABLE_NS_ASSERTIONS = NO;
				ENABLE_STRICT_OBJC_MSGSEND = YES;
				GCC_C_LANGUAGE_STANDARD = gnu11;
				GCC_NO_COMMON_BLOCKS = YES;
				GCC_WARN_64_TO_32_BIT_CONVERSION = YES;
				GCC_WARN_ABOUT_RETURN_TYPE = YES_ERROR;
				GCC_WARN_UNDECLARED_SELECTOR = YES;
				GCC_WARN_UNINITIALIZED_AUTOS = YES_AGGRESSIVE;
				GCC_WARN_UNUSED_FUNCTION = YES;
				GCC_WARN_UNUSED_VARIABLE = YES;
				IPHONEOS_DEPLOYMENT_TARGET = 12.2;
				MTL_ENABLE_DEBUG_INFO = NO;
				MTL_FAST_MATH = YES;
				SDKROOT = iphoneos;
				VALIDATE_PRODUCT = YES;
			};
			name = Release;
		};
		F61F52E722CA9C11001DF00F /* Debug */ = {
			isa = XCBuildConfiguration;
			buildSettings = {
				ASSETCATALOG_COMPILER_APPICON_NAME = AppIcon;
				CODE_SIGN_STYLE = Automatic;
				DEVELOPMENT_TEAM = CFV9N227P7;
				INFOPLIST_FILE = "$(SRCROOT)/JournalObjectiveC/Resouces/Info.plist";
				LD_RUNPATH_SEARCH_PATHS = (
					"$(inherited)",
					"@executable_path/Frameworks",
				);
				PRODUCT_BUNDLE_IDENTIFIER = AlbertLLC.JournalObjectiveC;
				PRODUCT_NAME = "$(TARGET_NAME)";
				TARGETED_DEVICE_FAMILY = "1,2";
			};
			name = Debug;
		};
		F61F52E822CA9C11001DF00F /* Release */ = {
			isa = XCBuildConfiguration;
			buildSettings = {
				ASSETCATALOG_COMPILER_APPICON_NAME = AppIcon;
				CODE_SIGN_STYLE = Automatic;
				DEVELOPMENT_TEAM = CFV9N227P7;
				INFOPLIST_FILE = "$(SRCROOT)/JournalObjectiveC/Resouces/Info.plist";
				LD_RUNPATH_SEARCH_PATHS = (
					"$(inherited)",
					"@executable_path/Frameworks",
				);
				PRODUCT_BUNDLE_IDENTIFIER = AlbertLLC.JournalObjectiveC;
				PRODUCT_NAME = "$(TARGET_NAME)";
				TARGETED_DEVICE_FAMILY = "1,2";
			};
			name = Release;
		};
/* End XCBuildConfiguration section */

/* Begin XCConfigurationList section */
		F61F52CB22CA9C10001DF00F /* Build configuration list for PBXProject "JournalObjectiveC" */ = {
			isa = XCConfigurationList;
			buildConfigurations = (
				F61F52E422CA9C11001DF00F /* Debug */,
				F61F52E522CA9C11001DF00F /* Release */,
			);
			defaultConfigurationIsVisible = 0;
			defaultConfigurationName = Release;
		};
		F61F52E622CA9C11001DF00F /* Build configuration list for PBXNativeTarget "JournalObjectiveC" */ = {
			isa = XCConfigurationList;
			buildConfigurations = (
				F61F52E722CA9C11001DF00F /* Debug */,
				F61F52E822CA9C11001DF00F /* Release */,
			);
			defaultConfigurationIsVisible = 0;
			defaultConfigurationName = Release;
		};
/* End XCConfigurationList section */
	};
	rootObject = F61F52C822CA9C10001DF00F /* Project object */;
}
